{
  "requires": true,
  "lockfileVersion": 1,
  "dependencies": {
    "webgl-obj-loader": {
      "version": "1.1.3",
      "resolved": "https://registry.npmjs.org/webgl-obj-loader/-/webgl-obj-loader-1.1.3.tgz",
      "integrity": "sha512-4S6PQKwW8L2kPoZilvpNFYFFqZxfYvCWaGyVMXgETLfrqjbrD0RzNIlcAZPOiJx1/GqtNM9ibje47kSSd+Jn/w==",
      "dev": false
    }
  }
}
